
Microsoft Visual Studio Solution File, Format Version 12.00
# Visual Studio Version 17
VisualStudioVersion = 17.8.34525.116
MinimumVisualStudioVersion = 10.0.40219.1
Project("{FAE04EC0-301F-11D3-BF4B-00C04F79EFBC}") = "WinFormsApp1", "WinFormsApp1\WinFormsApp1.csproj", "{DD1DEB23-9634-47EA-BAB1-70295DB1A96D}"
EndProject
Global
	GlobalSection(SolutionConfigurationPlatforms) = preSolution
		Debug|Any CPU = Debug|Any CPU
		Release|Any CPU = Release|Any CPU
	EndGlobalSection
	GlobalSection(ProjectConfigurationPlatforms) = postSolution
		{DD1DEB23-9634-47EA-BAB1-70295DB1A96D}.Debug|Any CPU.ActiveCfg = Debug|Any CPU
		{DD1DEB23-9634-47EA-BAB1-70295DB1A96D}.Debug|Any CPU.Build.0 = Debug|Any CPU
		{DD1DEB23-9634-47EA-BAB1-70295DB1A96D}.Release|Any CPU.ActiveCfg = Release|Any CPU
		{DD1DEB23-9634-47EA-BAB1-70295DB1A96D}.Release|Any CPU.Build.0 = Release|Any CPU
	EndGlobalSection
	GlobalSection(SolutionProperties) = preSolution
		HideSolutionNode = FALSE
	EndGlobalSection
	GlobalSection(ExtensibilityGlobals) = postSolution
		SolutionGuid = {555D646E-3294-455E-8A8A-6D81B54AF974}
	EndGlobalSection
EndGlobal
